{
  "version": 4,
  "terraform_version": "1.10.5",
  "serial": 119,
  "lineage": "8bdd32b9-ce1a-493c-0935-02a652f63a76",
  "outputs": {},
  "resources": [
    {
      "mode": "managed",
      "type": "null_resource",
      "name": "install_nginx",
      "provider": "provider[\"registry.terraform.io/hashicorp/null\"]",
      "instances": [
        {
          "schema_version": 0,
          "attributes": {
            "id": "3159630599240976458",
            "triggers": null
          },
          "sensitive_attributes": [],
          "dependencies": [
            "scaleway_instance_ip.public_ip"
          ]
        }
      ]
    },
    {
      "mode": "managed",
      "type": "scaleway_instance_ip",
      "name": "public_ip",
      "provider": "provider[\"registry.terraform.io/scaleway/scaleway\"]",
      "instances": [
        {
          "schema_version": 0,
          "attributes": {
            "address": "51.158.173.14",
            "id": "nl-ams-1/4ff0bab2-4327-4271-bcdf-eee45e8fade2",
            "organization_id": "b531d4ac-5cf0-42c2-b361-8d17b5c6de49",
            "prefix": "51.158.173.14/32",
            "project_id": "432b9225-791b-449f-ad8f-dfbd99353d36",
            "reverse": "",
            "server_id": "",
            "tags": null,
            "timeouts": null,
            "type": "routed_ipv4",
            "zone": "nl-ams-1"
          },
          "sensitive_attributes": [],
          "private": "eyJlMmJmYjczMC1lY2FhLTExZTYtOGY4OC0zNDM2M2JjN2M0YzAiOnsiY3JlYXRlIjo2MDAwMDAwMDAwMCwiZGVmYXVsdCI6NjAwMDAwMDAwMDAsImRlbGV0ZSI6NjAwMDAwMDAwMDAsInJlYWQiOjYwMDAwMDAwMDAwLCJ1cGRhdGUiOjYwMDAwMDAwMDAwfX0="
        }
      ]
    },
    {
      "mode": "managed",
      "type": "scaleway_instance_server",
      "name": "my-instance",
      "provider": "provider[\"registry.terraform.io/scaleway/scaleway\"]",
      "instances": [
        {
          "schema_version": 0,
          "attributes": {
            "additional_volume_ids": null,
            "boot_type": "local",
            "bootscript_id": null,
            "cloud_init": null,
            "enable_dynamic_ip": false,
            "enable_ipv6": false,
            "id": "nl-ams-1/0dee5d99-3d82-4343-86b8-978fae8727cf",
            "image": "debian_bookworm",
            "ip_id": "nl-ams-1/4ff0bab2-4327-4271-bcdf-eee45e8fade2",
            "ip_ids": null,
            "ipv6_address": "",
            "ipv6_gateway": "",
            "ipv6_prefix_length": 0,
            "name": "tf-srv-great-brattain",
            "organization_id": "b531d4ac-5cf0-42c2-b361-8d17b5c6de49",
            "placement_group_id": null,
            "placement_group_policy_respected": null,
            "private_ip": null,
            "private_network": [],
            "project_id": "432b9225-791b-449f-ad8f-dfbd99353d36",
            "public_ip": "51.158.173.14",
            "public_ips": [
              {
                "address": "51.158.173.14",
                "id": "nl-ams-1/4ff0bab2-4327-4271-bcdf-eee45e8fade2"
              }
            ],
            "replace_on_type_change": false,
            "root_volume": [
              {
                "boot": false,
                "delete_on_termination": true,
                "name": "Debian Bookworm",
                "sbs_iops": 0,
                "size_in_gb": 10,
                "volume_id": "nl-ams-1/ecd79dc5-18e6-429c-8116-e5ae7c0c66e9",
                "volume_type": "l_ssd"
              }
            ],
            "routed_ip_enabled": true,
            "security_group_id": "nl-ams-1/69be018c-8f2c-479b-82d9-61a63474fb6a",
            "state": "started",
            "tags": [
              "terraform project",
              "my-instance"
            ],
            "timeouts": null,
            "type": "STARDUST1-S",
            "user_data": {},
            "zone": "nl-ams-1"
          },
          "sensitive_attributes": [],
          "private": "eyJlMmJmYjczMC1lY2FhLTExZTYtOGY4OC0zNDM2M2JjN2M0YzAiOnsiY3JlYXRlIjo2MDAwMDAwMDAwMDAsImRlZmF1bHQiOjYwMDAwMDAwMDAwMCwiZGVsZXRlIjo2MDAwMDAwMDAwMDAsInJlYWQiOjYwMDAwMDAwMDAwMCwidXBkYXRlIjo2MDAwMDAwMDAwMDB9fQ==",
          "dependencies": [
            "scaleway_instance_ip.public_ip"
          ]
        }
      ]
    },
    {
      "mode": "managed",
      "type": "scaleway_instance_volume",
      "name": "data",
      "provider": "provider[\"registry.terraform.io/scaleway/scaleway\"]",
      "instances": [
        {
          "schema_version": 0,
          "attributes": {
            "from_snapshot_id": null,
            "id": "nl-ams-1/d9fcbbc6-7078-4f1a-9492-519767e742eb",
            "name": "tf-vol-upbeat-sammet",
            "organization_id": "b531d4ac-5cf0-42c2-b361-8d17b5c6de49",
            "project_id": "432b9225-791b-449f-ad8f-dfbd99353d36",
            "server_id": "",
            "size_in_gb": 10,
            "tags": null,
            "timeouts": null,
            "type": "l_ssd",
            "zone": "nl-ams-1"
          },
          "sensitive_attributes": [],
          "private": "eyJlMmJmYjczMC1lY2FhLTExZTYtOGY4OC0zNDM2M2JjN2M0YzAiOnsiY3JlYXRlIjo2MDAwMDAwMDAwMDAsImRlZmF1bHQiOjYwMDAwMDAwMDAwMCwiZGVsZXRlIjo2MDAwMDAwMDAwMDAsInJlYWQiOjYwMDAwMDAwMDAwMCwidXBkYXRlIjo2MDAwMDAwMDAwMDB9fQ=="
        }
      ]
    }
  ],
  "check_results": null
}
